
Microsoft Visual Studio Solution File, Format Version 10.00
# Visual Studio 2008
Project("{FAE04EC0-301F-11D3-BF4B-00C04F79EFBC}") = "epi-videoCodec-ciscoExtended", "epi-videoCodec-ciscoExtended\epi-videoCodec-ciscoExtended.csproj", "{0C649994-F573-47D1-A76D-15E05D71A86A}"
EndProject
Project("{FAE04EC0-301F-11D3-BF4B-00C04F79EFBC}") = "PepperDashRoomOs.Core", "src\PepperDashRoomOs.Core\PepperDashRoomOs.Core.csproj", "{83B1F9B6-6D85-4F0B-B555-187B39CAB80D}"
EndProject
Global
	GlobalSection(SolutionConfigurationPlatforms) = preSolution
		Debug|Any CPU = Debug|Any CPU
		Release|Any CPU = Release|Any CPU
	EndGlobalSection
	GlobalSection(ProjectConfigurationPlatforms) = postSolution
		{0C649994-F573-47D1-A76D-15E05D71A86A}.Debug|Any CPU.ActiveCfg = Debug|Any CPU
		{0C649994-F573-47D1-A76D-15E05D71A86A}.Debug|Any CPU.Build.0 = Debug|Any CPU
		{0C649994-F573-47D1-A76D-15E05D71A86A}.Release|Any CPU.ActiveCfg = Release|Any CPU
		{0C649994-F573-47D1-A76D-15E05D71A86A}.Release|Any CPU.Build.0 = Release|Any CPU
		{83B1F9B6-6D85-4F0B-B555-187B39CAB80D}.Debug|Any CPU.ActiveCfg = Debug|Any CPU
		{83B1F9B6-6D85-4F0B-B555-187B39CAB80D}.Debug|Any CPU.Build.0 = Debug|Any CPU
		{83B1F9B6-6D85-4F0B-B555-187B39CAB80D}.Release|Any CPU.ActiveCfg = Release|Any CPU
		{83B1F9B6-6D85-4F0B-B555-187B39CAB80D}.Release|Any CPU.Build.0 = Release|Any CPU
	EndGlobalSection
	GlobalSection(SolutionProperties) = preSolution
		HideSolutionNode = FALSE
	EndGlobalSection
EndGlobal
